
Microsoft Visual Studio Solution File, Format Version 12.00
# Visual Studio Version 17
VisualStudioVersion = 17.5.002.0
MinimumVisualStudioVersion = 10.0.40219.1
Project("{2150E333-8FDC-42A3-9474-1A3956D46DE8}") = "ADevPack", "ADevPack", "{6E1225D5-437B-4E99-8DEA-5FFC8E289EE6}"
EndProject
Project("{9A19103F-16F7-4668-BE54-9A1E7A4F7556}") = "ADevPack", "ADevPack\Files\ADevPack.csproj", "{6E5F769F-3AAC-49B9-A2F8-DEE3CF2E3B48}"
EndProject
Project("{2150E333-8FDC-42A3-9474-1A3956D46DE8}") = "CalendarBase", "CalendarBase", "{898FF000-B098-452F-A573-3FF62892D6C9}"
EndProject
Project("{9A19103F-16F7-4668-BE54-9A1E7A4F7556}") = "CalendarBase", "CalendarBase\Files\CalendarBase.csproj", "{4A298937-8390-4EC6-9008-A2F7F388A9F4}"
EndProject
Project("{2150E333-8FDC-42A3-9474-1A3956D46DE8}") = "CrtBaseConsts", "CrtBaseConsts", "{9BEA5D51-40CB-4581-9803-0BFCF0A3A9A4}"
EndProject
Project("{9A19103F-16F7-4668-BE54-9A1E7A4F7556}") = "CrtBaseConsts", "CrtBaseConsts\Files\CrtBaseConsts.csproj", "{DDA573B3-5FEB-4609-965D-8FCCCA3F48CD}"
EndProject
Project("{2150E333-8FDC-42A3-9474-1A3956D46DE8}") = "CrtCalendar", "CrtCalendar", "{57C95B9F-06C5-40EC-B3FF-12BF431AAE92}"
EndProject
Project("{9A19103F-16F7-4668-BE54-9A1E7A4F7556}") = "CrtCalendar", "CrtCalendar\Files\CrtCalendar.csproj", "{77EBD754-70F2-4D71-A2A8-80A3B368F4B8}"
EndProject
Project("{2150E333-8FDC-42A3-9474-1A3956D46DE8}") = "CrtCall", "CrtCall", "{7F00645D-6077-42B2-A1F0-2849F075455A}"
EndProject
Project("{9A19103F-16F7-4668-BE54-9A1E7A4F7556}") = "CrtCall", "CrtCall\Files\CrtCall.csproj", "{F9849729-97C5-462B-A871-CD9B53D9A522}"
EndProject
Project("{2150E333-8FDC-42A3-9474-1A3956D46DE8}") = "CrtCore", "CrtCore", "{A04A3090-5C83-4489-A715-55D665C61511}"
EndProject
Project("{9A19103F-16F7-4668-BE54-9A1E7A4F7556}") = "CrtCore", "CrtCore\Files\CrtCore.csproj", "{1CEFB5C6-412D-465B-A7E1-C8107E86CEC8}"
EndProject
Project("{2150E333-8FDC-42A3-9474-1A3956D46DE8}") = "CrtCoreBase", "CrtCoreBase", "{F13F8D9E-C6E9-4847-BD38-8945BB7172B6}"
EndProject
Project("{9A19103F-16F7-4668-BE54-9A1E7A4F7556}") = "CrtCoreBase", "CrtCoreBase\Files\CrtCoreBase.csproj", "{3A23FEA8-B6C8-4580-8B0F-DA7CB5158102}"
EndProject
Project("{2150E333-8FDC-42A3-9474-1A3956D46DE8}") = "CrtEmailSender", "CrtEmailSender", "{8D4C27AC-A299-45BE-85F0-6D547146E7F9}"
EndProject
Project("{9A19103F-16F7-4668-BE54-9A1E7A4F7556}") = "CrtEmailSender", "CrtEmailSender\Files\CrtEmailSender.csproj", "{6CA240ED-D2AD-466A-82CA-9D45D64DCC39}"
EndProject
Project("{2150E333-8FDC-42A3-9474-1A3956D46DE8}") = "CrtEmailTemplate", "CrtEmailTemplate", "{93F9A005-AB88-470F-8245-4B0D6CB4CEFB}"
EndProject
Project("{9A19103F-16F7-4668-BE54-9A1E7A4F7556}") = "CrtEmailTemplate", "CrtEmailTemplate\Files\CrtEmailTemplate.csproj", "{45CFFBA8-CE8E-4696-B458-4E0F2B24D6F3}"
EndProject
Project("{2150E333-8FDC-42A3-9474-1A3956D46DE8}") = "CrtFeatureToggling", "CrtFeatureToggling", "{27EF30FC-01D3-49E8-8DC8-7ABBB382D095}"
EndProject
Project("{9A19103F-16F7-4668-BE54-9A1E7A4F7556}") = "CrtFeatureToggling", "CrtFeatureToggling\Files\CrtFeatureToggling.csproj", "{173DC600-C2E9-4944-BDD1-929AFE84492A}"
EndProject
Project("{2150E333-8FDC-42A3-9474-1A3956D46DE8}") = "CrtMacrosBase", "CrtMacrosBase", "{D63A2264-4E63-46D5-A5CE-094073B1BB5C}"
EndProject
Project("{9A19103F-16F7-4668-BE54-9A1E7A4F7556}") = "CrtMacrosBase", "CrtMacrosBase\Files\CrtMacrosBase.csproj", "{73154F79-9ECD-4AC0-85F5-48D500700377}"
EndProject
Project("{2150E333-8FDC-42A3-9474-1A3956D46DE8}") = "CrtMessage", "CrtMessage", "{EDD2C048-22A8-421C-8AC0-9A41D3867BAD}"
EndProject
Project("{9A19103F-16F7-4668-BE54-9A1E7A4F7556}") = "CrtMessage", "CrtMessage\Files\CrtMessage.csproj", "{A9143686-D5FF-4017-B84B-22A3B39049D9}"
EndProject
Project("{2150E333-8FDC-42A3-9474-1A3956D46DE8}") = "CrtML", "CrtML", "{B2F79CD8-B501-425F-AF2B-75C5482F0386}"
EndProject
Project("{9A19103F-16F7-4668-BE54-9A1E7A4F7556}") = "CrtML", "CrtML\Files\CrtML.csproj", "{0E80D17D-8FF2-4BC7-A342-52419AEA16FC}"
EndProject
Project("{2150E333-8FDC-42A3-9474-1A3956D46DE8}") = "CrtMLangContent", "CrtMLangContent", "{3CE0F301-D553-4BA4-AD45-7558FC472E68}"
EndProject
Project("{9A19103F-16F7-4668-BE54-9A1E7A4F7556}") = "CrtMLangContent", "CrtMLangContent\Files\CrtMLangContent.csproj", "{94458FE9-D2C6-4694-9E32-D322C1593416}"
EndProject
Project("{2150E333-8FDC-42A3-9474-1A3956D46DE8}") = "CrtNextStep", "CrtNextStep", "{1022B726-F59A-45D0-894E-E05C0E738F14}"
EndProject
Project("{9A19103F-16F7-4668-BE54-9A1E7A4F7556}") = "CrtNextStep", "CrtNextStep\Files\CrtNextStep.csproj", "{AE900A24-4034-4769-81AB-5DE28BF5036C}"
EndProject
Project("{2150E333-8FDC-42A3-9474-1A3956D46DE8}") = "CrtOmnichannelApp", "CrtOmnichannelApp", "{595E8892-E708-45C3-873A-78449A5BE0D6}"
EndProject
Project("{9A19103F-16F7-4668-BE54-9A1E7A4F7556}") = "CrtOmnichannelApp", "CrtOmnichannelApp\Files\CrtOmnichannelApp.csproj", "{295F2782-EE66-4B92-A4AC-DB27D9141102}"
EndProject
Project("{2150E333-8FDC-42A3-9474-1A3956D46DE8}") = "CrtProductivityApp", "CrtProductivityApp", "{AD10B52B-DDD6-4358-8F54-42DBB469E29E}"
EndProject
Project("{9A19103F-16F7-4668-BE54-9A1E7A4F7556}") = "CrtProductivityApp", "CrtProductivityApp\Files\CrtProductivityApp.csproj", "{558EF55F-9D89-4AC0-BD8A-73EC7853569A}"
EndProject
Project("{2150E333-8FDC-42A3-9474-1A3956D46DE8}") = "CrtSecurity", "CrtSecurity", "{57F56C7E-3AD6-4816-A974-55C567D013AA}"
EndProject
Project("{9A19103F-16F7-4668-BE54-9A1E7A4F7556}") = "CrtSecurity", "CrtSecurity\Files\CrtSecurity.csproj", "{A25E4478-F1E0-4658-B395-3EA4059B540C}"
EndProject
Project("{2150E333-8FDC-42A3-9474-1A3956D46DE8}") = "CrtSmsIntegration", "CrtSmsIntegration", "{40D8348A-910B-439B-A6A4-F64B6E82EEC6}"
EndProject
Project("{9A19103F-16F7-4668-BE54-9A1E7A4F7556}") = "CrtSmsIntegration", "CrtSmsIntegration\Files\CrtSmsIntegration.csproj", "{6806E67F-C518-413B-98BA-B8E609FE652A}"
EndProject
Project("{2150E333-8FDC-42A3-9474-1A3956D46DE8}") = "CrtTouchPointBase", "CrtTouchPointBase", "{A2398CA4-A6E9-499E-BF6B-659894A90AEE}"
EndProject
Project("{9A19103F-16F7-4668-BE54-9A1E7A4F7556}") = "CrtTouchPointBase", "CrtTouchPointBase\Files\CrtTouchPointBase.csproj", "{BB1D5647-4DED-4F48-B119-94CB4BBE39BC}"
EndProject
Project("{2150E333-8FDC-42A3-9474-1A3956D46DE8}") = "CrtUIPlatform", "CrtUIPlatform", "{C1F7D4C2-65F7-4B4D-B960-6C9B6F490522}"
EndProject
Project("{9A19103F-16F7-4668-BE54-9A1E7A4F7556}") = "CrtUIPlatform", "CrtUIPlatform\Files\CrtUIPlatform.csproj", "{13C6CA29-E4A6-40D3-91EE-FDFFD84D969C}"
EndProject
Project("{2150E333-8FDC-42A3-9474-1A3956D46DE8}") = "CrtUIPlatform7x", "CrtUIPlatform7x", "{3AA81F88-3441-47E3-A3C9-5A7B01372D73}"
EndProject
Project("{9A19103F-16F7-4668-BE54-9A1E7A4F7556}") = "CrtUIPlatform7x", "CrtUIPlatform7x\Files\CrtUIPlatform7x.csproj", "{4D70848D-21CA-48C1-94AE-65AB35DBF8A7}"
EndProject
Project("{2150E333-8FDC-42A3-9474-1A3956D46DE8}") = "CrtUISwitcher", "CrtUISwitcher", "{70D4F5FD-7CAC-472E-86D4-9D5CEAFA0076}"
EndProject
Project("{9A19103F-16F7-4668-BE54-9A1E7A4F7556}") = "CrtUISwitcher", "CrtUISwitcher\Files\CrtUISwitcher.csproj", "{C04696E6-A0E8-4261-A4EC-CC10A6282A37}"
EndProject
Project("{2150E333-8FDC-42A3-9474-1A3956D46DE8}") = "CrtWebFormBase", "CrtWebFormBase", "{12186D79-EB6D-4D0B-BD37-B99BB1B14472}"
EndProject
Project("{9A19103F-16F7-4668-BE54-9A1E7A4F7556}") = "CrtWebFormBase", "CrtWebFormBase\Files\CrtWebFormBase.csproj", "{76FF43F5-4754-49BD-84A2-302AECBFF2F3}"
EndProject
Project("{2150E333-8FDC-42A3-9474-1A3956D46DE8}") = "CrtWebhookServiceBase", "CrtWebhookServiceBase", "{A1935C43-5D99-49B2-90DF-031625F69E7B}"
EndProject
Project("{9A19103F-16F7-4668-BE54-9A1E7A4F7556}") = "CrtWebhookServiceBase", "CrtWebhookServiceBase\Files\CrtWebhookServiceBase.csproj", "{2FA0CE50-5C65-4C34-9774-DC8F11F5CFA0}"
EndProject
Project("{2150E333-8FDC-42A3-9474-1A3956D46DE8}") = "CSP", "CSP", "{664E44E1-5B17-4080-9DC6-479494D5C9BF}"
EndProject
Project("{9A19103F-16F7-4668-BE54-9A1E7A4F7556}") = "CSP", "CSP\Files\CSP.csproj", "{309D059C-D42E-4099-BD6E-C1C2AB97CBCC}"
EndProject
Project("{2150E333-8FDC-42A3-9474-1A3956D46DE8}") = "FeatureToggling", "FeatureToggling", "{64A8832D-F835-48A6-9CCB-732FCB706650}"
EndProject
Project("{9A19103F-16F7-4668-BE54-9A1E7A4F7556}") = "FeatureToggling", "FeatureToggling\Files\FeatureToggling.csproj", "{4E8DE101-3FCD-4D36-9210-A5DA0054DBF2}"
EndProject
Project("{2150E333-8FDC-42A3-9474-1A3956D46DE8}") = "Finesse", "Finesse", "{2546CFB7-727B-4413-A1DA-B6D2B8314AC7}"
EndProject
Project("{9A19103F-16F7-4668-BE54-9A1E7A4F7556}") = "Finesse", "Finesse\Files\Finesse.csproj", "{55708F1E-0E9B-452C-BF73-EE4ACF1D3691}"
EndProject
Project("{2150E333-8FDC-42A3-9474-1A3956D46DE8}") = "MLProcessDesigner", "MLProcessDesigner", "{37E8E8E4-6124-426D-BF30-2754F883FF06}"
EndProject
Project("{9A19103F-16F7-4668-BE54-9A1E7A4F7556}") = "MLProcessDesigner", "MLProcessDesigner\Files\MLProcessDesigner.csproj", "{15C5EDB4-E35A-4322-B9EC-0EFEADCF94F4}"
EndProject
Project("{2150E333-8FDC-42A3-9474-1A3956D46DE8}") = "OpenIdAuth", "OpenIdAuth", "{6AF0717D-D1A1-4EEF-909A-4213DE0AD129}"
EndProject
Project("{9A19103F-16F7-4668-BE54-9A1E7A4F7556}") = "OpenIdAuth", "OpenIdAuth\Files\OpenIdAuth.csproj", "{C36E9F57-B6B4-46FB-8560-AF73CC023CC9}"
EndProject
Project("{2150E333-8FDC-42A3-9474-1A3956D46DE8}") = "SsoSettings", "SsoSettings", "{D56E62A6-84E8-4EE2-84C8-75CEEE4F9977}"
EndProject
Project("{9A19103F-16F7-4668-BE54-9A1E7A4F7556}") = "SsoSettings", "SsoSettings\Files\SsoSettings.csproj", "{E4F0370F-B79F-4F95-8F69-4440159C0E95}"
EndProject
Project("{2150E333-8FDC-42A3-9474-1A3956D46DE8}") = "XSSProtection", "XSSProtection", "{D8268E3A-08E9-4E92-9C72-69B626967F77}"
EndProject
Project("{9A19103F-16F7-4668-BE54-9A1E7A4F7556}") = "XSSProtection", "XSSProtection\Files\XSSProtection.csproj", "{01EB148C-15D2-487F-98F5-53B88D24597D}"
EndProject
Global
	GlobalSection(SolutionConfigurationPlatforms) = preSolution
		Debug|Any CPU = Debug|Any CPU
		Release|Any CPU = Release|Any CPU
	EndGlobalSection
	GlobalSection(ProjectConfigurationPlatforms) = postSolution
		{6E5F769F-3AAC-49B9-A2F8-DEE3CF2E3B48}.Debug|Any CPU.ActiveCfg = Debug|Any CPU
		{6E5F769F-3AAC-49B9-A2F8-DEE3CF2E3B48}.Debug|Any CPU.Build.0 = Debug|Any CPU
		{6E5F769F-3AAC-49B9-A2F8-DEE3CF2E3B48}.Release|Any CPU.ActiveCfg = Release|Any CPU
		{6E5F769F-3AAC-49B9-A2F8-DEE3CF2E3B48}.Release|Any CPU.Build.0 = Release|Any CPU
		{4A298937-8390-4EC6-9008-A2F7F388A9F4}.Debug|Any CPU.ActiveCfg = Debug|Any CPU
		{4A298937-8390-4EC6-9008-A2F7F388A9F4}.Debug|Any CPU.Build.0 = Debug|Any CPU
		{4A298937-8390-4EC6-9008-A2F7F388A9F4}.Release|Any CPU.ActiveCfg = Release|Any CPU
		{4A298937-8390-4EC6-9008-A2F7F388A9F4}.Release|Any CPU.Build.0 = Release|Any CPU
		{DDA573B3-5FEB-4609-965D-8FCCCA3F48CD}.Debug|Any CPU.ActiveCfg = Debug|Any CPU
		{DDA573B3-5FEB-4609-965D-8FCCCA3F48CD}.Debug|Any CPU.Build.0 = Debug|Any CPU
		{DDA573B3-5FEB-4609-965D-8FCCCA3F48CD}.Release|Any CPU.ActiveCfg = Release|Any CPU
		{DDA573B3-5FEB-4609-965D-8FCCCA3F48CD}.Release|Any CPU.Build.0 = Release|Any CPU
		{77EBD754-70F2-4D71-A2A8-80A3B368F4B8}.Debug|Any CPU.ActiveCfg = Debug|Any CPU
		{77EBD754-70F2-4D71-A2A8-80A3B368F4B8}.Debug|Any CPU.Build.0 = Debug|Any CPU
		{77EBD754-70F2-4D71-A2A8-80A3B368F4B8}.Release|Any CPU.ActiveCfg = Release|Any CPU
		{77EBD754-70F2-4D71-A2A8-80A3B368F4B8}.Release|Any CPU.Build.0 = Release|Any CPU
		{F9849729-97C5-462B-A871-CD9B53D9A522}.Debug|Any CPU.ActiveCfg = Debug|Any CPU
		{F9849729-97C5-462B-A871-CD9B53D9A522}.Debug|Any CPU.Build.0 = Debug|Any CPU
		{F9849729-97C5-462B-A871-CD9B53D9A522}.Release|Any CPU.ActiveCfg = Release|Any CPU
		{F9849729-97C5-462B-A871-CD9B53D9A522}.Release|Any CPU.Build.0 = Release|Any CPU
		{1CEFB5C6-412D-465B-A7E1-C8107E86CEC8}.Debug|Any CPU.ActiveCfg = Debug|Any CPU
		{1CEFB5C6-412D-465B-A7E1-C8107E86CEC8}.Debug|Any CPU.Build.0 = Debug|Any CPU
		{1CEFB5C6-412D-465B-A7E1-C8107E86CEC8}.Release|Any CPU.ActiveCfg = Release|Any CPU
		{1CEFB5C6-412D-465B-A7E1-C8107E86CEC8}.Release|Any CPU.Build.0 = Release|Any CPU
		{3A23FEA8-B6C8-4580-8B0F-DA7CB5158102}.Debug|Any CPU.ActiveCfg = Debug|Any CPU
		{3A23FEA8-B6C8-4580-8B0F-DA7CB5158102}.Debug|Any CPU.Build.0 = Debug|Any CPU
		{3A23FEA8-B6C8-4580-8B0F-DA7CB5158102}.Release|Any CPU.ActiveCfg = Release|Any CPU
		{3A23FEA8-B6C8-4580-8B0F-DA7CB5158102}.Release|Any CPU.Build.0 = Release|Any CPU
		{6CA240ED-D2AD-466A-82CA-9D45D64DCC39}.Debug|Any CPU.ActiveCfg = Debug|Any CPU
		{6CA240ED-D2AD-466A-82CA-9D45D64DCC39}.Debug|Any CPU.Build.0 = Debug|Any CPU
		{6CA240ED-D2AD-466A-82CA-9D45D64DCC39}.Release|Any CPU.ActiveCfg = Release|Any CPU
		{6CA240ED-D2AD-466A-82CA-9D45D64DCC39}.Release|Any CPU.Build.0 = Release|Any CPU
		{45CFFBA8-CE8E-4696-B458-4E0F2B24D6F3}.Debug|Any CPU.ActiveCfg = Debug|Any CPU
		{45CFFBA8-CE8E-4696-B458-4E0F2B24D6F3}.Debug|Any CPU.Build.0 = Debug|Any CPU
		{45CFFBA8-CE8E-4696-B458-4E0F2B24D6F3}.Release|Any CPU.ActiveCfg = Release|Any CPU
		{45CFFBA8-CE8E-4696-B458-4E0F2B24D6F3}.Release|Any CPU.Build.0 = Release|Any CPU
		{173DC600-C2E9-4944-BDD1-929AFE84492A}.Debug|Any CPU.ActiveCfg = Debug|Any CPU
		{173DC600-C2E9-4944-BDD1-929AFE84492A}.Debug|Any CPU.Build.0 = Debug|Any CPU
		{173DC600-C2E9-4944-BDD1-929AFE84492A}.Release|Any CPU.ActiveCfg = Release|Any CPU
		{173DC600-C2E9-4944-BDD1-929AFE84492A}.Release|Any CPU.Build.0 = Release|Any CPU
		{73154F79-9ECD-4AC0-85F5-48D500700377}.Debug|Any CPU.ActiveCfg = Debug|Any CPU
		{73154F79-9ECD-4AC0-85F5-48D500700377}.Debug|Any CPU.Build.0 = Debug|Any CPU
		{73154F79-9ECD-4AC0-85F5-48D500700377}.Release|Any CPU.ActiveCfg = Release|Any CPU
		{73154F79-9ECD-4AC0-85F5-48D500700377}.Release|Any CPU.Build.0 = Release|Any CPU
		{A9143686-D5FF-4017-B84B-22A3B39049D9}.Debug|Any CPU.ActiveCfg = Debug|Any CPU
		{A9143686-D5FF-4017-B84B-22A3B39049D9}.Debug|Any CPU.Build.0 = Debug|Any CPU
		{A9143686-D5FF-4017-B84B-22A3B39049D9}.Release|Any CPU.ActiveCfg = Release|Any CPU
		{A9143686-D5FF-4017-B84B-22A3B39049D9}.Release|Any CPU.Build.0 = Release|Any CPU
		{0E80D17D-8FF2-4BC7-A342-52419AEA16FC}.Debug|Any CPU.ActiveCfg = Debug|Any CPU
		{0E80D17D-8FF2-4BC7-A342-52419AEA16FC}.Debug|Any CPU.Build.0 = Debug|Any CPU
		{0E80D17D-8FF2-4BC7-A342-52419AEA16FC}.Release|Any CPU.ActiveCfg = Release|Any CPU
		{0E80D17D-8FF2-4BC7-A342-52419AEA16FC}.Release|Any CPU.Build.0 = Release|Any CPU
		{94458FE9-D2C6-4694-9E32-D322C1593416}.Debug|Any CPU.ActiveCfg = Debug|Any CPU
		{94458FE9-D2C6-4694-9E32-D322C1593416}.Debug|Any CPU.Build.0 = Debug|Any CPU
		{94458FE9-D2C6-4694-9E32-D322C1593416}.Release|Any CPU.ActiveCfg = Release|Any CPU
		{94458FE9-D2C6-4694-9E32-D322C1593416}.Release|Any CPU.Build.0 = Release|Any CPU
		{AE900A24-4034-4769-81AB-5DE28BF5036C}.Debug|Any CPU.ActiveCfg = Debug|Any CPU
		{AE900A24-4034-4769-81AB-5DE28BF5036C}.Debug|Any CPU.Build.0 = Debug|Any CPU
		{AE900A24-4034-4769-81AB-5DE28BF5036C}.Release|Any CPU.ActiveCfg = Release|Any CPU
		{AE900A24-4034-4769-81AB-5DE28BF5036C}.Release|Any CPU.Build.0 = Release|Any CPU
		{295F2782-EE66-4B92-A4AC-DB27D9141102}.Debug|Any CPU.ActiveCfg = Debug|Any CPU
		{295F2782-EE66-4B92-A4AC-DB27D9141102}.Debug|Any CPU.Build.0 = Debug|Any CPU
		{295F2782-EE66-4B92-A4AC-DB27D9141102}.Release|Any CPU.ActiveCfg = Release|Any CPU
		{295F2782-EE66-4B92-A4AC-DB27D9141102}.Release|Any CPU.Build.0 = Release|Any CPU
		{558EF55F-9D89-4AC0-BD8A-73EC7853569A}.Debug|Any CPU.ActiveCfg = Debug|Any CPU
		{558EF55F-9D89-4AC0-BD8A-73EC7853569A}.Debug|Any CPU.Build.0 = Debug|Any CPU
		{558EF55F-9D89-4AC0-BD8A-73EC7853569A}.Release|Any CPU.ActiveCfg = Release|Any CPU
		{558EF55F-9D89-4AC0-BD8A-73EC7853569A}.Release|Any CPU.Build.0 = Release|Any CPU
		{A25E4478-F1E0-4658-B395-3EA4059B540C}.Debug|Any CPU.ActiveCfg = Debug|Any CPU
		{A25E4478-F1E0-4658-B395-3EA4059B540C}.Debug|Any CPU.Build.0 = Debug|Any CPU
		{A25E4478-F1E0-4658-B395-3EA4059B540C}.Release|Any CPU.ActiveCfg = Release|Any CPU
		{A25E4478-F1E0-4658-B395-3EA4059B540C}.Release|Any CPU.Build.0 = Release|Any CPU
		{6806E67F-C518-413B-98BA-B8E609FE652A}.Debug|Any CPU.ActiveCfg = Debug|Any CPU
		{6806E67F-C518-413B-98BA-B8E609FE652A}.Debug|Any CPU.Build.0 = Debug|Any CPU
		{6806E67F-C518-413B-98BA-B8E609FE652A}.Release|Any CPU.ActiveCfg = Release|Any CPU
		{6806E67F-C518-413B-98BA-B8E609FE652A}.Release|Any CPU.Build.0 = Release|Any CPU
		{BB1D5647-4DED-4F48-B119-94CB4BBE39BC}.Debug|Any CPU.ActiveCfg = Debug|Any CPU
		{BB1D5647-4DED-4F48-B119-94CB4BBE39BC}.Debug|Any CPU.Build.0 = Debug|Any CPU
		{BB1D5647-4DED-4F48-B119-94CB4BBE39BC}.Release|Any CPU.ActiveCfg = Release|Any CPU
		{BB1D5647-4DED-4F48-B119-94CB4BBE39BC}.Release|Any CPU.Build.0 = Release|Any CPU
		{13C6CA29-E4A6-40D3-91EE-FDFFD84D969C}.Debug|Any CPU.ActiveCfg = Debug|Any CPU
		{13C6CA29-E4A6-40D3-91EE-FDFFD84D969C}.Debug|Any CPU.Build.0 = Debug|Any CPU
		{13C6CA29-E4A6-40D3-91EE-FDFFD84D969C}.Release|Any CPU.ActiveCfg = Release|Any CPU
		{13C6CA29-E4A6-40D3-91EE-FDFFD84D969C}.Release|Any CPU.Build.0 = Release|Any CPU
		{4D70848D-21CA-48C1-94AE-65AB35DBF8A7}.Debug|Any CPU.ActiveCfg = Debug|Any CPU
		{4D70848D-21CA-48C1-94AE-65AB35DBF8A7}.Debug|Any CPU.Build.0 = Debug|Any CPU
		{4D70848D-21CA-48C1-94AE-65AB35DBF8A7}.Release|Any CPU.ActiveCfg = Release|Any CPU
		{4D70848D-21CA-48C1-94AE-65AB35DBF8A7}.Release|Any CPU.Build.0 = Release|Any CPU
		{C04696E6-A0E8-4261-A4EC-CC10A6282A37}.Debug|Any CPU.ActiveCfg = Debug|Any CPU
		{C04696E6-A0E8-4261-A4EC-CC10A6282A37}.Debug|Any CPU.Build.0 = Debug|Any CPU
		{C04696E6-A0E8-4261-A4EC-CC10A6282A37}.Release|Any CPU.ActiveCfg = Release|Any CPU
		{C04696E6-A0E8-4261-A4EC-CC10A6282A37}.Release|Any CPU.Build.0 = Release|Any CPU
		{76FF43F5-4754-49BD-84A2-302AECBFF2F3}.Debug|Any CPU.ActiveCfg = Debug|Any CPU
		{76FF43F5-4754-49BD-84A2-302AECBFF2F3}.Debug|Any CPU.Build.0 = Debug|Any CPU
		{76FF43F5-4754-49BD-84A2-302AECBFF2F3}.Release|Any CPU.ActiveCfg = Release|Any CPU
		{76FF43F5-4754-49BD-84A2-302AECBFF2F3}.Release|Any CPU.Build.0 = Release|Any CPU
		{2FA0CE50-5C65-4C34-9774-DC8F11F5CFA0}.Debug|Any CPU.ActiveCfg = Debug|Any CPU
		{2FA0CE50-5C65-4C34-9774-DC8F11F5CFA0}.Debug|Any CPU.Build.0 = Debug|Any CPU
		{2FA0CE50-5C65-4C34-9774-DC8F11F5CFA0}.Release|Any CPU.ActiveCfg = Release|Any CPU
		{2FA0CE50-5C65-4C34-9774-DC8F11F5CFA0}.Release|Any CPU.Build.0 = Release|Any CPU
		{309D059C-D42E-4099-BD6E-C1C2AB97CBCC}.Debug|Any CPU.ActiveCfg = Debug|Any CPU
		{309D059C-D42E-4099-BD6E-C1C2AB97CBCC}.Debug|Any CPU.Build.0 = Debug|Any CPU
		{309D059C-D42E-4099-BD6E-C1C2AB97CBCC}.Release|Any CPU.ActiveCfg = Release|Any CPU
		{309D059C-D42E-4099-BD6E-C1C2AB97CBCC}.Release|Any CPU.Build.0 = Release|Any CPU
		{4E8DE101-3FCD-4D36-9210-A5DA0054DBF2}.Debug|Any CPU.ActiveCfg = Debug|Any CPU
		{4E8DE101-3FCD-4D36-9210-A5DA0054DBF2}.Debug|Any CPU.Build.0 = Debug|Any CPU
		{4E8DE101-3FCD-4D36-9210-A5DA0054DBF2}.Release|Any CPU.ActiveCfg = Release|Any CPU
		{4E8DE101-3FCD-4D36-9210-A5DA0054DBF2}.Release|Any CPU.Build.0 = Release|Any CPU
		{55708F1E-0E9B-452C-BF73-EE4ACF1D3691}.Debug|Any CPU.ActiveCfg = Debug|Any CPU
		{55708F1E-0E9B-452C-BF73-EE4ACF1D3691}.Debug|Any CPU.Build.0 = Debug|Any CPU
		{55708F1E-0E9B-452C-BF73-EE4ACF1D3691}.Release|Any CPU.ActiveCfg = Release|Any CPU
		{55708F1E-0E9B-452C-BF73-EE4ACF1D3691}.Release|Any CPU.Build.0 = Release|Any CPU
		{15C5EDB4-E35A-4322-B9EC-0EFEADCF94F4}.Debug|Any CPU.ActiveCfg = Debug|Any CPU
		{15C5EDB4-E35A-4322-B9EC-0EFEADCF94F4}.Debug|Any CPU.Build.0 = Debug|Any CPU
		{15C5EDB4-E35A-4322-B9EC-0EFEADCF94F4}.Release|Any CPU.ActiveCfg = Release|Any CPU
		{15C5EDB4-E35A-4322-B9EC-0EFEADCF94F4}.Release|Any CPU.Build.0 = Release|Any CPU
		{C36E9F57-B6B4-46FB-8560-AF73CC023CC9}.Debug|Any CPU.ActiveCfg = Debug|Any CPU
		{C36E9F57-B6B4-46FB-8560-AF73CC023CC9}.Debug|Any CPU.Build.0 = Debug|Any CPU
		{C36E9F57-B6B4-46FB-8560-AF73CC023CC9}.Release|Any CPU.ActiveCfg = Release|Any CPU
		{C36E9F57-B6B4-46FB-8560-AF73CC023CC9}.Release|Any CPU.Build.0 = Release|Any CPU
		{E4F0370F-B79F-4F95-8F69-4440159C0E95}.Debug|Any CPU.ActiveCfg = Debug|Any CPU
		{E4F0370F-B79F-4F95-8F69-4440159C0E95}.Debug|Any CPU.Build.0 = Debug|Any CPU
		{E4F0370F-B79F-4F95-8F69-4440159C0E95}.Release|Any CPU.ActiveCfg = Release|Any CPU
		{E4F0370F-B79F-4F95-8F69-4440159C0E95}.Release|Any CPU.Build.0 = Release|Any CPU
		{01EB148C-15D2-487F-98F5-53B88D24597D}.Debug|Any CPU.ActiveCfg = Debug|Any CPU
		{01EB148C-15D2-487F-98F5-53B88D24597D}.Debug|Any CPU.Build.0 = Debug|Any CPU
		{01EB148C-15D2-487F-98F5-53B88D24597D}.Release|Any CPU.ActiveCfg = Release|Any CPU
		{01EB148C-15D2-487F-98F5-53B88D24597D}.Release|Any CPU.Build.0 = Release|Any CPU
	EndGlobalSection
	GlobalSection(SolutionProperties) = preSolution
		HideSolutionNode = FALSE
	EndGlobalSection
	GlobalSection(NestedProjects) = preSolution
		{6E5F769F-3AAC-49B9-A2F8-DEE3CF2E3B48} = {6E1225D5-437B-4E99-8DEA-5FFC8E289EE6}
		{4A298937-8390-4EC6-9008-A2F7F388A9F4} = {898FF000-B098-452F-A573-3FF62892D6C9}
		{DDA573B3-5FEB-4609-965D-8FCCCA3F48CD} = {9BEA5D51-40CB-4581-9803-0BFCF0A3A9A4}
		{77EBD754-70F2-4D71-A2A8-80A3B368F4B8} = {57C95B9F-06C5-40EC-B3FF-12BF431AAE92}
		{F9849729-97C5-462B-A871-CD9B53D9A522} = {7F00645D-6077-42B2-A1F0-2849F075455A}
		{1CEFB5C6-412D-465B-A7E1-C8107E86CEC8} = {A04A3090-5C83-4489-A715-55D665C61511}
		{3A23FEA8-B6C8-4580-8B0F-DA7CB5158102} = {F13F8D9E-C6E9-4847-BD38-8945BB7172B6}
		{6CA240ED-D2AD-466A-82CA-9D45D64DCC39} = {8D4C27AC-A299-45BE-85F0-6D547146E7F9}
		{45CFFBA8-CE8E-4696-B458-4E0F2B24D6F3} = {93F9A005-AB88-470F-8245-4B0D6CB4CEFB}
		{173DC600-C2E9-4944-BDD1-929AFE84492A} = {27EF30FC-01D3-49E8-8DC8-7ABBB382D095}
		{73154F79-9ECD-4AC0-85F5-48D500700377} = {D63A2264-4E63-46D5-A5CE-094073B1BB5C}
		{A9143686-D5FF-4017-B84B-22A3B39049D9} = {EDD2C048-22A8-421C-8AC0-9A41D3867BAD}
		{0E80D17D-8FF2-4BC7-A342-52419AEA16FC} = {B2F79CD8-B501-425F-AF2B-75C5482F0386}
		{94458FE9-D2C6-4694-9E32-D322C1593416} = {3CE0F301-D553-4BA4-AD45-7558FC472E68}
		{AE900A24-4034-4769-81AB-5DE28BF5036C} = {1022B726-F59A-45D0-894E-E05C0E738F14}
		{295F2782-EE66-4B92-A4AC-DB27D9141102} = {595E8892-E708-45C3-873A-78449A5BE0D6}
		{558EF55F-9D89-4AC0-BD8A-73EC7853569A} = {AD10B52B-DDD6-4358-8F54-42DBB469E29E}
		{A25E4478-F1E0-4658-B395-3EA4059B540C} = {57F56C7E-3AD6-4816-A974-55C567D013AA}
		{6806E67F-C518-413B-98BA-B8E609FE652A} = {40D8348A-910B-439B-A6A4-F64B6E82EEC6}
		{BB1D5647-4DED-4F48-B119-94CB4BBE39BC} = {A2398CA4-A6E9-499E-BF6B-659894A90AEE}
		{13C6CA29-E4A6-40D3-91EE-FDFFD84D969C} = {C1F7D4C2-65F7-4B4D-B960-6C9B6F490522}
		{4D70848D-21CA-48C1-94AE-65AB35DBF8A7} = {3AA81F88-3441-47E3-A3C9-5A7B01372D73}
		{C04696E6-A0E8-4261-A4EC-CC10A6282A37} = {70D4F5FD-7CAC-472E-86D4-9D5CEAFA0076}
		{76FF43F5-4754-49BD-84A2-302AECBFF2F3} = {12186D79-EB6D-4D0B-BD37-B99BB1B14472}
		{2FA0CE50-5C65-4C34-9774-DC8F11F5CFA0} = {A1935C43-5D99-49B2-90DF-031625F69E7B}
		{309D059C-D42E-4099-BD6E-C1C2AB97CBCC} = {664E44E1-5B17-4080-9DC6-479494D5C9BF}
		{4E8DE101-3FCD-4D36-9210-A5DA0054DBF2} = {64A8832D-F835-48A6-9CCB-732FCB706650}
		{55708F1E-0E9B-452C-BF73-EE4ACF1D3691} = {2546CFB7-727B-4413-A1DA-B6D2B8314AC7}
		{15C5EDB4-E35A-4322-B9EC-0EFEADCF94F4} = {37E8E8E4-6124-426D-BF30-2754F883FF06}
		{C36E9F57-B6B4-46FB-8560-AF73CC023CC9} = {6AF0717D-D1A1-4EEF-909A-4213DE0AD129}
		{E4F0370F-B79F-4F95-8F69-4440159C0E95} = {D56E62A6-84E8-4EE2-84C8-75CEEE4F9977}
		{01EB148C-15D2-487F-98F5-53B88D24597D} = {D8268E3A-08E9-4E92-9C72-69B626967F77}
	EndGlobalSection
	GlobalSection(ExtensibilityGlobals) = postSolution
		SolutionGuid = {DCAD8BB6-A574-4715-A2D1-9C4ACF0D2372}
	EndGlobalSection
EndGlobal
